
Microsoft Visual Studio Solution File, Format Version 12.00
# Visual Studio Version 16
VisualStudioVersion = 16.0.29201.188
MinimumVisualStudioVersion = 10.0.40219.1
Project("{FAE04EC0-301F-11D3-BF4B-00C04F79EFBC}") = "budicMarinOperatorsProgram", "budicMarinOperatorsProgram\budicMarinOperatorsProgram.csproj", "{281C2976-C4D4-406D-98E1-45E5F9096113}"
EndProject
Global
	GlobalSection(SolutionConfigurationPlatforms) = preSolution
		Debug|Any CPU = Debug|Any CPU
		Release|Any CPU = Release|Any CPU
	EndGlobalSection
	GlobalSection(ProjectConfigurationPlatforms) = postSolution
		{281C2976-C4D4-406D-98E1-45E5F9096113}.Debug|Any CPU.ActiveCfg = Debug|Any CPU
		{281C2976-C4D4-406D-98E1-45E5F9096113}.Debug|Any CPU.Build.0 = Debug|Any CPU
		{281C2976-C4D4-406D-98E1-45E5F9096113}.Release|Any CPU.ActiveCfg = Release|Any CPU
		{281C2976-C4D4-406D-98E1-45E5F9096113}.Release|Any CPU.Build.0 = Release|Any CPU
	EndGlobalSection
	GlobalSection(SolutionProperties) = preSolution
		HideSolutionNode = FALSE
	EndGlobalSection
	GlobalSection(ExtensibilityGlobals) = postSolution
		SolutionGuid = {898DE320-E1C2-4A0F-9504-4F4275E7AD00}
	EndGlobalSection
EndGlobal
